<?xml version="1.0" encoding="utf-8"?>
<Project ToolsVersion="4.0" xmlns="http://schemas.microsoft.com/developer/msbuild/2003">
  <ItemGroup>
    <Filter Include="Source Files">
      <UniqueIdentifier>{4FC737F1-C7A5-4376-A066-2A32D752A2FF}</UniqueIdentifier>
      <Extensions>cpp;c;cc;cxx;c++;def;odl;idl;hpj;bat;asm;asmx</Extensions>
    </Filter>
    <Filter Include="Header Files">
      <UniqueIdentifier>{93995380-89BD-4b04-88EB-625FBE52EBFB}</UniqueIdentifier>
      <Extensions>h;hh;hpp;hxx;h++;hm;inl;inc;ipp;xsd</Extensions>
    </Filter>
    <Filter Include="Resource Files">
      <UniqueIdentifier>{67DA6AB6-F800-4c08-8B7A-83BB121AAD01}</UniqueIdentifier>
      <Extensions>rc;ico;cur;bmp;dlg;rc2;rct;bin;rgs;gif;jpg;jpeg;jpe;resx;tiff;tif;png;wav;mfcribbon-ms</Extensions>
    </Filter>
    <Filter Include="Header Files\Dialogs">
      <UniqueIdentifier>{9318f497-983a-4836-8231-e5b421a85575}</UniqueIdentifier>
    </Filter>
    <Filter Include="Source Files\Dialogs">
      <UniqueIdentifier>{2e340b9e-f384-471d-9a4a-143fc6f92cc3}</UniqueIdentifier>
    </Filter>
    <Filter Include="Header Files\Dialogs\Helpers">
      <UniqueIdentifier>{cbc3c2cc-9230-4a7c-b799-3db6fb55cf7b}</UniqueIdentifier>
    </Filter>
    <Filter Include="Resource Files\Icons">
      <UniqueIdentifier>{5980a02c-4629-4a30-9e0b-bb5c9e858d07}</UniqueIdentifier>
    </Filter>
    <Filter Include="Resource Files\Icons\Original">
      <UniqueIdentifier>{89a10429-df21-4839-a859-a19d544d9f54}</UniqueIdentifier>
    </Filter>
    <Filter Include="Resource Files\Icons\Square">
      <UniqueIdentifier>{600d2695-c80e-4583-9734-4f65ba2058fb}</UniqueIdentifier>
    </Filter>
  </ItemGroup>
  <ItemGroup>
    <ClCompile Include="Main.cpp">
      <Filter>Source Files</Filter>
    </ClCompile>
    <ClCompile Include="CaffeineTray.cpp">
      <Filter>Source Files</Filter>
    </ClCompile>
    <ClCompile Include="ExecutionState.cpp">
      <Filter>Source Files</Filter>
    </ClCompile>
    <ClCompile Include="Logger.cpp">
      <Filter>Source Files</Filter>
    </ClCompile>
    <ClCompile Include="Utility.cpp">
      <Filter>Source Files</Filter>
    </ClCompile>
    <ClCompile Include="Dialogs\CaffeineSettings.cpp">
      <Filter>Source Files\Dialogs</Filter>
    </ClCompile>
    <ClCompile Include="Dialogs\AddWizard.cpp">
      <Filter>Source Files\Dialogs</Filter>
    </ClCompile>
    <ClCompile Include="NotifyIcon.cpp">
      <Filter>Source Files</Filter>
    </ClCompile>
    <ClCompile Include="AppInitInfo.cpp">
      <Filter>Header Files</Filter>
    </ClCompile>
  </ItemGroup>
  <ItemGroup>
    <ClInclude Include="Resource.h">
      <Filter>Header Files</Filter>
    </ClInclude>
    <ClInclude Include="json.hpp">
      <Filter>Header Files</Filter>
    </ClInclude>
    <ClInclude Include="ExecutionState.hpp">
      <Filter>Header Files</Filter>
    </ClInclude>
    <ClInclude Include="Logger.hpp">
      <Filter>Header Files</Filter>
    </ClInclude>
    <ClInclude Include="Utility.hpp">
      <Filter>Header Files</Filter>
    </ClInclude>
    <ClInclude Include="Settings.hpp">
      <Filter>Header Files</Filter>
    </ClInclude>
    <ClInclude Include="CaffeineTray.hpp">
      <Filter>Header Files</Filter>
    </ClInclude>
    <ClInclude Include="Dialogs\CaffeineSettings.hpp">
      <Filter>Header Files\Dialogs</Filter>
    </ClInclude>
    <ClInclude Include="Dialogs\Helpers\IconCache.hpp">
      <Filter>Header Files\Dialogs\Helpers</Filter>
    </ClInclude>
    <ClInclude Include="Dialogs\Helpers\DialogResult.hpp">
      <Filter>Header Files\Dialogs\Helpers</Filter>
    </ClInclude>
    <ClInclude Include="Dialogs\Helpers\ItemType.hpp">
      <Filter>Header Files\Dialogs\Helpers</Filter>
    </ClInclude>
    <ClInclude Include="Dialogs\Helpers\ItemList.hpp">
      <Filter>Header Files\Dialogs\Helpers</Filter>
    </ClInclude>
    <ClInclude Include="Dialogs\AddWizard.hpp">
      <Filter>Header Files\Dialogs</Filter>
    </ClInclude>
    <ClInclude Include="Dialogs\Helpers\RunningProcess.hpp">
      <Filter>Header Files\Dialogs\Helpers</Filter>
    </ClInclude>
    <ClInclude Include="Dialogs\AddDialog.hpp">
      <Filter>Header Files\Dialogs</Filter>
    </ClInclude>
    <ClInclude Include="Dialogs\EditDialog.hpp">
      <Filter>Header Files\Dialogs</Filter>
    </ClInclude>
    <ClInclude Include="Dialogs\Helpers\AddEditDialog.hpp">
      <Filter>Header Files\Dialogs\Helpers</Filter>
    </ClInclude>
    <ClInclude Include="Dialogs\Dialog.hpp">
      <Filter>Header Files\Dialogs</Filter>
    </ClInclude>
    <ClInclude Include="Dialogs\Helpers\ErrorMessages.hpp">
      <Filter>Header Files\Dialogs\Helpers</Filter>
    </ClInclude>
    <ClInclude Include="Scanner.hpp">
      <Filter>Header Files</Filter>
    </ClInclude>
    <ClInclude Include="CaffeineMode.hpp">
      <Filter>Header Files</Filter>
    </ClInclude>
    <ClInclude Include="Dialogs\AboutDialog.hpp">
      <Filter>Header Files\Dialogs</Filter>
    </ClInclude>
    <ClInclude Include="Version.hpp">
      <Filter>Header Files</Filter>
    </ClInclude>
    <ClInclude Include="NotifyIcon.hpp">
      <Filter>Header Files</Filter>
    </ClInclude>
    <ClInclude Include="Timer.hpp">
      <Filter>Header Files</Filter>
    </ClInclude>
    <ClInclude Include="InstanceGuard.hpp">
      <Filter>Header Files</Filter>
    </ClInclude>
    <ClInclude Include="IconPack.hpp">
      <Filter>Header Files</Filter>
    </ClInclude>
    <ClInclude Include="AppInitInfo.hpp">
      <Filter>Header Files</Filter>
    </ClInclude>
  </ItemGroup>
  <ItemGroup>
    <ResourceCompile Include="Resource.rc">
      <Filter>Resource Files</Filter>
    </ResourceCompile>
  </ItemGroup>
  <ItemGroup>
    <Image Include="..\..\Resources\Icons\CaffeineApp.ico">
      <Filter>Resource Files\Icons</Filter>
    </Image>
    <Image Include="..\..\Resources\Icons\CaffeineAppDark.ico">
      <Filter>Resource Files\Icons</Filter>
    </Image>
    <Image Include="..\..\Resources\Icons\CaffeineAppLight.ico">
      <Filter>Resource Files\Icons</Filter>
    </Image>
    <Image Include="..\..\Resources\Icons\Original\CaffeineAutoActiveDark.ico">
      <Filter>Resource Files\Icons\Original</Filter>
    </Image>
    <Image Include="..\..\Resources\Icons\Original\CaffeineAutoActiveLight.ico">
      <Filter>Resource Files\Icons\Original</Filter>
    </Image>
    <Image Include="..\..\Resources\Icons\Original\CaffeineAutoInactiveDark.ico">
      <Filter>Resource Files\Icons\Original</Filter>
    </Image>
    <Image Include="..\..\Resources\Icons\Original\CaffeineAutoInactiveLight.ico">
      <Filter>Resource Files\Icons\Original</Filter>
    </Image>
    <Image Include="..\..\Resources\Icons\Original\CaffeineDisabledDark.ico">
      <Filter>Resource Files\Icons\Original</Filter>
    </Image>
    <Image Include="..\..\Resources\Icons\Original\CaffeineDisabledLight.ico">
      <Filter>Resource Files\Icons\Original</Filter>
    </Image>
    <Image Include="..\..\Resources\Icons\Original\CaffeineEnabledDark.ico">
      <Filter>Resource Files\Icons\Original</Filter>
    </Image>
    <Image Include="..\..\Resources\Icons\Original\CaffeineEnabledLight.ico">
      <Filter>Resource Files\Icons\Original</Filter>
    </Image>
    <Image Include="..\..\Resources\Icons\Square\CaffeineAutoActiveDark.ico">
      <Filter>Resource Files\Icons\Square</Filter>
    </Image>
    <Image Include="..\..\Resources\Icons\Square\CaffeineAutoActiveLight.ico">
      <Filter>Resource Files\Icons\Square</Filter>
    </Image>
    <Image Include="..\..\Resources\Icons\Square\CaffeineAutoInactiveDark.ico">
      <Filter>Resource Files\Icons\Square</Filter>
    </Image>
    <Image Include="..\..\Resources\Icons\Square\CaffeineAutoInactiveLight.ico">
      <Filter>Resource Files\Icons\Square</Filter>
    </Image>
    <Image Include="..\..\Resources\Icons\Square\CaffeineDisabledDark.ico">
      <Filter>Resource Files\Icons\Square</Filter>
    </Image>
    <Image Include="..\..\Resources\Icons\Square\CaffeineDisabledLight.ico">
      <Filter>Resource Files\Icons\Square</Filter>
    </Image>
    <Image Include="..\..\Resources\Icons\Square\CaffeineEnabledDark.ico">
      <Filter>Resource Files\Icons\Square</Filter>
    </Image>
    <Image Include="..\..\Resources\Icons\Square\CaffeineEnabledLight.ico">
      <Filter>Resource Files\Icons\Square</Filter>
    </Image>
  </ItemGroup>
</Project>